PODS:
  - flowkit-ios/Additions (1.0.3):
    - flowkit-ios/Core
  - flowkit-ios/Core (1.0.3)
  - Shared (0.0.1):
    - flowkit-ios/Additions

DEPENDENCIES:
  - flowkit-ios/Additions (from `../../`)
  - Shared (from `./Shared`)

EXTERNAL SOURCES:
  flowkit-ios:
    :path: "../../"
  Shared:
    :path: "./Shared"

SPEC CHECKSUMS:
  flowkit-ios: 82640be4712403bfefc3226876f09f9d54affbe0
  Shared: d7eea96ee586b8889c81afe4ad1afca86127a42b

PODFILE CHECKSUM: eaa1178591d0129289f729282a4959478e511173

COCOAPODS: 1.11.3
